
Microsoft Visual Studio Solution File, Format Version 12.00
# Visual Studio 15
VisualStudioVersion = 15.0.27004.2008
MinimumVisualStudioVersion = 10.0.40219.1
Project("{FAE04EC0-301F-11D3-BF4B-00C04F79EFBC}") = "Angular4Library", "Angular4Library\Angular4Library.csproj", "{D9C6C876-1F82-4E69-B04D-4086FB9C6B02}"
EndProject
Global
	GlobalSection(SolutionConfigurationPlatforms) = preSolution
		Debug|Any CPU = Debug|Any CPU
		Release|Any CPU = Release|Any CPU
	EndGlobalSection
	GlobalSection(ProjectConfigurationPlatforms) = postSolution
		{D9C6C876-1F82-4E69-B04D-4086FB9C6B02}.Debug|Any CPU.ActiveCfg = Debug|Any CPU
		{D9C6C876-1F82-4E69-B04D-4086FB9C6B02}.Debug|Any CPU.Build.0 = Debug|Any CPU
		{D9C6C876-1F82-4E69-B04D-4086FB9C6B02}.Release|Any CPU.ActiveCfg = Release|Any CPU
		{D9C6C876-1F82-4E69-B04D-4086FB9C6B02}.Release|Any CPU.Build.0 = Release|Any CPU
	EndGlobalSection
	GlobalSection(SolutionProperties) = preSolution
		HideSolutionNode = FALSE
	EndGlobalSection
	GlobalSection(ExtensibilityGlobals) = postSolution
		SolutionGuid = {73B3A2EB-443A-4092-B1DF-200F4BA1EE8B}
	EndGlobalSection
EndGlobal
